{
  "version": 4,
  "terraform_version": "1.5.0",
  "serial": 10,
  "lineage": "8d49f763-0dc8-64e9-00c3-9abd216fbcd7",
  "outputs": {},
  "resources": [
    {
      "mode": "data",
      "type": "aws_iam_users",
      "name": "users",
      "provider": "provider[\"registry.terraform.io/hashicorp/aws\"]",
      "instances": [
        {
          "schema_version": 0,
          "attributes": {
            "arns": [
              "arn:aws:iam::155140665840:user/terra-user"
            ],
            "id": "us-east-1",
            "name_regex": null,
            "names": [
              "terra-user"
            ],
            "path_prefix": null
          },
          "sensitive_attributes": []
        }
      ]
    },
    {
      "mode": "managed",
      "type": "aws_iam_group",
      "name": "group",
      "provider": "provider[\"registry.terraform.io/hashicorp/aws\"]",
      "instances": [
        {
          "schema_version": 0,
          "attributes": {
            "arn": "arn:aws:iam::155140665840:group/test-group",
            "id": "test-group",
            "name": "test-group",
            "path": "/",
            "unique_id": "AGPASIHY2WHYGQSBTYBUG"
          },
          "sensitive_attributes": [],
          "private": "bnVsbA=="
        }
      ]
    },
    {
      "mode": "managed",
      "type": "aws_iam_group_policy_attachment",
      "name": "test-attach",
      "provider": "provider[\"registry.terraform.io/hashicorp/aws\"]",
      "instances": [
        {
          "schema_version": 0,
          "attributes": {
            "group": "test-group",
            "id": "test-group-20230702035551640600000003",
            "policy_arn": "arn:aws:iam::155140665840:policy/asume-policy"
          },
          "sensitive_attributes": [],
          "private": "bnVsbA==",
          "dependencies": [
            "aws_iam_group.group",
            "aws_iam_policy.policy"
          ]
        }
      ]
    },
    {
      "mode": "managed",
      "type": "aws_iam_policy",
      "name": "policy",
      "provider": "provider[\"registry.terraform.io/hashicorp/aws\"]",
      "instances": [
        {
          "schema_version": 0,
          "attributes": {
            "arn": "arn:aws:iam::155140665840:policy/asume-policy",
            "description": "policy to allow user assume the role",
            "id": "arn:aws:iam::155140665840:policy/asume-policy",
            "name": "asume-policy",
            "name_prefix": "",
            "path": "/",
            "policy": "{\"Statement\":[{\"Action\":\"sts:AssumeRole\",\"Effect\":\"Allow\",\"Resource\":\"arn:aws:iam::155140665840:role/example-role\"}],\"Version\":\"2012-10-17\"}",
            "policy_id": "ANPASIHY2WHYJMKPWBVYV",
            "tags": {},
            "tags_all": {}
          },
          "sensitive_attributes": [],
          "private": "bnVsbA==",
          "dependencies": [
            "aws_iam_role.example_role",
            "data.aws_iam_users.users"
          ]
        }
      ]
    },
    {
      "mode": "managed",
      "type": "aws_iam_role",
      "name": "example_role",
      "provider": "provider[\"registry.terraform.io/hashicorp/aws\"]",
      "instances": [
        {
          "schema_version": 0,
          "attributes": {
            "arn": "arn:aws:iam::155140665840:role/example-role",
            "assume_role_policy": "{\"Statement\":[{\"Action\":\"sts:AssumeRole\",\"Effect\":\"Allow\",\"Principal\":{\"AWS\":[\"arn:aws:iam::155140665840:user/terra-user\"]}}],\"Version\":\"2012-10-17\"}",
            "create_date": "2023-07-02T02:51:34Z",
            "description": "",
            "force_detach_policies": false,
            "id": "example-role",
            "inline_policy": [],
            "managed_policy_arns": [],
            "max_session_duration": 3600,
            "name": "example-role",
            "name_prefix": "",
            "path": "/",
            "permissions_boundary": null,
            "tags": {},
            "tags_all": {},
            "unique_id": "AROASIHY2WHYFZ7BX652C"
          },
          "sensitive_attributes": [],
          "private": "bnVsbA==",
          "dependencies": [
            "data.aws_iam_users.users"
          ]
        }
      ]
    },
    {
      "mode": "managed",
      "type": "aws_iam_user",
      "name": "user1",
      "provider": "provider[\"registry.terraform.io/hashicorp/aws\"]",
      "instances": [
        {
          "index_key": "user1",
          "schema_version": 0,
          "attributes": {
            "arn": "arn:aws:iam::155140665840:user/user1",
            "force_destroy": false,
            "id": "user1",
            "name": "user1",
            "path": "/",
            "permissions_boundary": null,
            "tags": null,
            "tags_all": {},
            "unique_id": "AIDASIHY2WHYLPT3TLYVO"
          },
          "sensitive_attributes": [],
          "private": "bnVsbA=="
        },
        {
          "index_key": "user3",
          "schema_version": 0,
          "attributes": {
            "arn": "arn:aws:iam::155140665840:user/user3",
            "force_destroy": false,
            "id": "user3",
            "name": "user3",
            "path": "/",
            "permissions_boundary": null,
            "tags": null,
            "tags_all": {},
            "unique_id": "AIDASIHY2WHYDWZXC2ZW6"
          },
          "sensitive_attributes": [],
          "private": "bnVsbA=="
        }
      ]
    },
    {
      "mode": "managed",
      "type": "aws_iam_user_group_membership",
      "name": "example2",
      "provider": "provider[\"registry.terraform.io/hashicorp/aws\"]",
      "instances": [
        {
          "index_key": "user1",
          "schema_version": 0,
          "attributes": {
            "groups": [
              "test-group"
            ],
            "id": "terraform-20230702035551630000000002",
            "user": "user1"
          },
          "sensitive_attributes": [],
          "private": "bnVsbA==",
          "dependencies": [
            "aws_iam_group.group",
            "aws_iam_user.user1"
          ]
        },
        {
          "index_key": "user3",
          "schema_version": 0,
          "attributes": {
            "groups": [
              "test-group"
            ],
            "id": "terraform-20230702035551627500000001",
            "user": "user3"
          },
          "sensitive_attributes": [],
          "private": "bnVsbA==",
          "dependencies": [
            "aws_iam_group.group",
            "aws_iam_user.user1"
          ]
        }
      ]
    }
  ],
  "check_results": null
}
